
Microsoft Visual Studio Solution File, Format Version 12.00
# Visual Studio Version 16
VisualStudioVersion = 16.0.31105.61
MinimumVisualStudioVersion = 10.0.40219.1
Project("{FAE04EC0-301F-11D3-BF4B-00C04F79EFBC}") = "SpaShop", "SpaShop\SpaShop.csproj", "{F8264C56-FB20-4175-8285-920D4A91257F}"
EndProject
Global
	GlobalSection(SolutionConfigurationPlatforms) = preSolution
		Debug|Any CPU = Debug|Any CPU
		Release|Any CPU = Release|Any CPU
	EndGlobalSection
	GlobalSection(ProjectConfigurationPlatforms) = postSolution
		{F8264C56-FB20-4175-8285-920D4A91257F}.Debug|Any CPU.ActiveCfg = Debug|Any CPU
		{F8264C56-FB20-4175-8285-920D4A91257F}.Debug|Any CPU.Build.0 = Debug|Any CPU
		{F8264C56-FB20-4175-8285-920D4A91257F}.Release|Any CPU.ActiveCfg = Release|Any CPU
		{F8264C56-FB20-4175-8285-920D4A91257F}.Release|Any CPU.Build.0 = Release|Any CPU
	EndGlobalSection
	GlobalSection(SolutionProperties) = preSolution
		HideSolutionNode = FALSE
	EndGlobalSection
	GlobalSection(ExtensibilityGlobals) = postSolution
		SolutionGuid = {2C9CF7AE-28E4-45EE-B330-3A891AD7F700}
	EndGlobalSection
EndGlobal
